
Microsoft Visual Studio Solution File, Format Version 12.00
# Visual Studio Version 17
VisualStudioVersion = 17.4.33205.214
MinimumVisualStudioVersion = 10.0.40219.1
Project("{2150E333-8FDC-42A3-9474-1A3956D46DE8}") = "Solution Items", "Solution Items", "{7A866ABC-7A8F-477E-992F-BA62BEAE43E0}"
EndProject
Project("{2150E333-8FDC-42A3-9474-1A3956D46DE8}") = "2020", "2020", "{A3B062BD-8200-4202-B0A1-E64C498BAC06}"
EndProject
Project("{9A19103F-16F7-4668-BE54-9A1E7A4F7556}") = "2020_15", "2020_15\2020_15.csproj", "{72C6DE6F-A6C4-4978-83F3-D9E163ED00A1}"
EndProject
Project("{9A19103F-16F7-4668-BE54-9A1E7A4F7556}") = "2020_14", "2020_14\2020_14.csproj", "{4E962C37-28E1-4363-8C35-DDAA0D3DBA83}"
EndProject
Project("{9A19103F-16F7-4668-BE54-9A1E7A4F7556}") = "2020_2", "2020_2\2020_2.csproj", "{8B6A3AE4-5374-4A2B-A558-6D14745E1100}"
EndProject
Project("{9A19103F-16F7-4668-BE54-9A1E7A4F7556}") = "2020_3", "2020_3\2020_3.csproj", "{73FE2564-3DBF-416A-BE3A-B8AAEAAC8EFA}"
EndProject
Project("{9A19103F-16F7-4668-BE54-9A1E7A4F7556}") = "2020_4", "2020_4\2020_4.csproj", "{567DB7C5-F1D3-4F5E-95B9-A2C0F5A5A958}"
EndProject
Project("{9A19103F-16F7-4668-BE54-9A1E7A4F7556}") = "2020_5", "2020_5\2020_5.csproj", "{2B65FEC9-896E-4E34-8117-EE03A3AB60F6}"
EndProject
Project("{9A19103F-16F7-4668-BE54-9A1E7A4F7556}") = "2020_6", "2020_6\2020_6.csproj", "{FBB07520-4AEE-4966-9137-E750519B425E}"
EndProject
Project("{9A19103F-16F7-4668-BE54-9A1E7A4F7556}") = "2020_7", "2020_7\2020_7.csproj", "{E9B663E4-A16A-46EA-AF3A-605B2F19D52D}"
EndProject
Project("{9A19103F-16F7-4668-BE54-9A1E7A4F7556}") = "2020_8", "2020_8\2020_8.csproj", "{9D48A402-AA5F-43CB-BAD1-3229E9ACC84D}"
EndProject
Project("{9A19103F-16F7-4668-BE54-9A1E7A4F7556}") = "2020_10", "2020_10\2020_10.csproj", "{48E2AA84-69CC-4388-9F7A-6D26C10C3C33}"
EndProject
Project("{9A19103F-16F7-4668-BE54-9A1E7A4F7556}") = "2020_11", "2020_11\2020_11.csproj", "{B575810D-52F2-4349-AAE5-B7A49AFB6BAB}"
EndProject
Project("{9A19103F-16F7-4668-BE54-9A1E7A4F7556}") = "2020_12", "2020_12\2020_12.csproj", "{8A0631BB-6586-4AEF-92A7-C31EE4C76342}"
EndProject
Project("{9A19103F-16F7-4668-BE54-9A1E7A4F7556}") = "2020_16", "2020_16\2020_16.csproj", "{8A6B1BB0-A707-4E27-BBD9-55255F83E5BF}"
EndProject
Project("{9A19103F-16F7-4668-BE54-9A1E7A4F7556}") = "2020_17", "2020_17\2020_17.csproj", "{08446575-8851-479D-99D9-F0A32C202019}"
EndProject
Project("{9A19103F-16F7-4668-BE54-9A1E7A4F7556}") = "2020_18", "2020_18\2020_18.csproj", "{1B4C570C-33AE-4BFC-AF9B-C5DD009B8BC4}"
EndProject
Project("{9A19103F-16F7-4668-BE54-9A1E7A4F7556}") = "2020_19", "2020_19\2020_19.csproj", "{531228CE-9CA7-4210-8A3E-5376C93F17DE}"
EndProject
Project("{9A19103F-16F7-4668-BE54-9A1E7A4F7556}") = "2020_13", "2020_13\2020_13.csproj", "{AAB19025-DB7A-4C22-BCFC-11D6176F949E}"
EndProject
Project("{9A19103F-16F7-4668-BE54-9A1E7A4F7556}") = "2020_20", "2020_20\2020_20.csproj", "{36E832D9-40BC-411D-A543-54A08483D0ED}"
EndProject
Project("{9A19103F-16F7-4668-BE54-9A1E7A4F7556}") = "2022_22", "2020_22\2022_22.csproj", "{CBA77DD7-F60B-4738-9064-AAC7753A6CE7}"
EndProject
Project("{2150E333-8FDC-42A3-9474-1A3956D46DE8}") = "2019", "2019", "{8A206E01-E999-4D79-840E-43CABC57C50E}"
EndProject
Project("{9A19103F-16F7-4668-BE54-9A1E7A4F7556}") = "2019_01", "2019_01\2019_01.csproj", "{2BF4D938-0859-41ED-82B8-588BD2034F04}"
EndProject
Project("{9A19103F-16F7-4668-BE54-9A1E7A4F7556}") = "2019_02", "2019_02\2019_02.csproj", "{0212D062-F9BF-42EF-B6E7-06A1F8FAFD1B}"
EndProject
Project("{9A19103F-16F7-4668-BE54-9A1E7A4F7556}") = "2019_03", "2019_03\2019_03.csproj", "{C57F4DB7-E084-4239-AE4B-2167D825A838}"
EndProject
Project("{9A19103F-16F7-4668-BE54-9A1E7A4F7556}") = "2019_04", "2019_04\2019_04.csproj", "{ADA933BD-B488-4278-8635-C7B51FEFB55F}"
EndProject
Project("{9A19103F-16F7-4668-BE54-9A1E7A4F7556}") = "IntCode", "IntCode\IntCode.csproj", "{2A4549C8-FEC5-4E9A-89A5-7A3DDFAE1519}"
EndProject
Project("{9A19103F-16F7-4668-BE54-9A1E7A4F7556}") = "2019_05", "2019_05\2019_05.csproj", "{AE704270-C89E-46B7-9960-3F259A1EFC56}"
EndProject
Project("{9A19103F-16F7-4668-BE54-9A1E7A4F7556}") = "2019_07", "2019_07\2019_07.csproj", "{3E56B810-F681-4BDE-8E05-5ED30BDDFE85}"
EndProject
Project("{9A19103F-16F7-4668-BE54-9A1E7A4F7556}") = "2019_09", "2019_09\2019_09.csproj", "{797EF92D-B1F9-49F3-87C1-7F0887551860}"
EndProject
Project("{9A19103F-16F7-4668-BE54-9A1E7A4F7556}") = "2019_11", "2019_11\2019_11.csproj", "{B1D40E45-CA90-408C-8421-11946544E024}"
EndProject
Project("{9A19103F-16F7-4668-BE54-9A1E7A4F7556}") = "2019_13", "2019_13\2019_13.csproj", "{C777DD87-ADA2-4938-A54F-6C16641E6640}"
EndProject
Project("{9A19103F-16F7-4668-BE54-9A1E7A4F7556}") = "2019_15", "2019_15\2019_15.csproj", "{9F5D59C9-9F99-4354-989E-9CA321179AC4}"
EndProject
Project("{9A19103F-16F7-4668-BE54-9A1E7A4F7556}") = "2019_17", "2019_17\2019_17.csproj", "{97E114A7-799F-431F-8E14-ACFBFEE91EA9}"
EndProject
Project("{9A19103F-16F7-4668-BE54-9A1E7A4F7556}") = "2019_19", "2019_19\2019_19.csproj", "{A1617426-9A5C-4E95-803A-F817D3BCF953}"
EndProject
Project("{9A19103F-16F7-4668-BE54-9A1E7A4F7556}") = "2019_21", "2019_21\2019_21.csproj", "{620C0557-D5C4-45C2-95F3-9B75EDB46324}"
EndProject
Project("{9A19103F-16F7-4668-BE54-9A1E7A4F7556}") = "2019_23", "2019_23\2019_23.csproj", "{8C6D4F34-E630-4C1F-ACCA-732F1996383B}"
EndProject
Project("{9A19103F-16F7-4668-BE54-9A1E7A4F7556}") = "2019_25", "2019_25\2019_25.csproj", "{68B41ADB-378F-4155-9870-525778AB239F}"
EndProject
Project("{9A19103F-16F7-4668-BE54-9A1E7A4F7556}") = "2019_06", "2019_06\2019_06.csproj", "{916242F2-BEAC-4FDC-A781-C80149ECC725}"
EndProject
Project("{9A19103F-16F7-4668-BE54-9A1E7A4F7556}") = "2019_08", "2019_08\2019_08.csproj", "{EB1E5FA6-3EB9-48C5-8ADD-4C28BFE76786}"
EndProject
Project("{FAE04EC0-301F-11D3-BF4B-00C04F79EFBC}") = "2019_22", "2019_22\2019_22.csproj", "{661AC3D8-5A51-41CE-94FD-BD9090EA137C}"
EndProject
Global
	GlobalSection(SolutionConfigurationPlatforms) = preSolution
		Debug|Any CPU = Debug|Any CPU
		Release|Any CPU = Release|Any CPU
	EndGlobalSection
	GlobalSection(ProjectConfigurationPlatforms) = postSolution
		{72C6DE6F-A6C4-4978-83F3-D9E163ED00A1}.Debug|Any CPU.ActiveCfg = Debug|Any CPU
		{72C6DE6F-A6C4-4978-83F3-D9E163ED00A1}.Debug|Any CPU.Build.0 = Debug|Any CPU
		{72C6DE6F-A6C4-4978-83F3-D9E163ED00A1}.Release|Any CPU.ActiveCfg = Release|Any CPU
		{72C6DE6F-A6C4-4978-83F3-D9E163ED00A1}.Release|Any CPU.Build.0 = Release|Any CPU
		{4E962C37-28E1-4363-8C35-DDAA0D3DBA83}.Debug|Any CPU.ActiveCfg = Debug|Any CPU
		{4E962C37-28E1-4363-8C35-DDAA0D3DBA83}.Debug|Any CPU.Build.0 = Debug|Any CPU
		{4E962C37-28E1-4363-8C35-DDAA0D3DBA83}.Release|Any CPU.ActiveCfg = Release|Any CPU
		{4E962C37-28E1-4363-8C35-DDAA0D3DBA83}.Release|Any CPU.Build.0 = Release|Any CPU
		{8B6A3AE4-5374-4A2B-A558-6D14745E1100}.Debug|Any CPU.ActiveCfg = Debug|Any CPU
		{8B6A3AE4-5374-4A2B-A558-6D14745E1100}.Debug|Any CPU.Build.0 = Debug|Any CPU
		{8B6A3AE4-5374-4A2B-A558-6D14745E1100}.Release|Any CPU.ActiveCfg = Release|Any CPU
		{8B6A3AE4-5374-4A2B-A558-6D14745E1100}.Release|Any CPU.Build.0 = Release|Any CPU
		{73FE2564-3DBF-416A-BE3A-B8AAEAAC8EFA}.Debug|Any CPU.ActiveCfg = Debug|Any CPU
		{73FE2564-3DBF-416A-BE3A-B8AAEAAC8EFA}.Debug|Any CPU.Build.0 = Debug|Any CPU
		{73FE2564-3DBF-416A-BE3A-B8AAEAAC8EFA}.Release|Any CPU.ActiveCfg = Release|Any CPU
		{73FE2564-3DBF-416A-BE3A-B8AAEAAC8EFA}.Release|Any CPU.Build.0 = Release|Any CPU
		{567DB7C5-F1D3-4F5E-95B9-A2C0F5A5A958}.Debug|Any CPU.ActiveCfg = Debug|Any CPU
		{567DB7C5-F1D3-4F5E-95B9-A2C0F5A5A958}.Debug|Any CPU.Build.0 = Debug|Any CPU
		{567DB7C5-F1D3-4F5E-95B9-A2C0F5A5A958}.Release|Any CPU.ActiveCfg = Release|Any CPU
		{567DB7C5-F1D3-4F5E-95B9-A2C0F5A5A958}.Release|Any CPU.Build.0 = Release|Any CPU
		{2B65FEC9-896E-4E34-8117-EE03A3AB60F6}.Debug|Any CPU.ActiveCfg = Debug|Any CPU
		{2B65FEC9-896E-4E34-8117-EE03A3AB60F6}.Debug|Any CPU.Build.0 = Debug|Any CPU
		{2B65FEC9-896E-4E34-8117-EE03A3AB60F6}.Release|Any CPU.ActiveCfg = Release|Any CPU
		{2B65FEC9-896E-4E34-8117-EE03A3AB60F6}.Release|Any CPU.Build.0 = Release|Any CPU
		{FBB07520-4AEE-4966-9137-E750519B425E}.Debug|Any CPU.ActiveCfg = Debug|Any CPU
		{FBB07520-4AEE-4966-9137-E750519B425E}.Debug|Any CPU.Build.0 = Debug|Any CPU
		{FBB07520-4AEE-4966-9137-E750519B425E}.Release|Any CPU.ActiveCfg = Release|Any CPU
		{FBB07520-4AEE-4966-9137-E750519B425E}.Release|Any CPU.Build.0 = Release|Any CPU
		{E9B663E4-A16A-46EA-AF3A-605B2F19D52D}.Debug|Any CPU.ActiveCfg = Debug|Any CPU
		{E9B663E4-A16A-46EA-AF3A-605B2F19D52D}.Debug|Any CPU.Build.0 = Debug|Any CPU
		{E9B663E4-A16A-46EA-AF3A-605B2F19D52D}.Release|Any CPU.ActiveCfg = Release|Any CPU
		{E9B663E4-A16A-46EA-AF3A-605B2F19D52D}.Release|Any CPU.Build.0 = Release|Any CPU
		{9D48A402-AA5F-43CB-BAD1-3229E9ACC84D}.Debug|Any CPU.ActiveCfg = Debug|Any CPU
		{9D48A402-AA5F-43CB-BAD1-3229E9ACC84D}.Debug|Any CPU.Build.0 = Debug|Any CPU
		{9D48A402-AA5F-43CB-BAD1-3229E9ACC84D}.Release|Any CPU.ActiveCfg = Release|Any CPU
		{9D48A402-AA5F-43CB-BAD1-3229E9ACC84D}.Release|Any CPU.Build.0 = Release|Any CPU
		{48E2AA84-69CC-4388-9F7A-6D26C10C3C33}.Debug|Any CPU.ActiveCfg = Debug|Any CPU
		{48E2AA84-69CC-4388-9F7A-6D26C10C3C33}.Debug|Any CPU.Build.0 = Debug|Any CPU
		{48E2AA84-69CC-4388-9F7A-6D26C10C3C33}.Release|Any CPU.ActiveCfg = Release|Any CPU
		{48E2AA84-69CC-4388-9F7A-6D26C10C3C33}.Release|Any CPU.Build.0 = Release|Any CPU
		{B575810D-52F2-4349-AAE5-B7A49AFB6BAB}.Debug|Any CPU.ActiveCfg = Debug|Any CPU
		{B575810D-52F2-4349-AAE5-B7A49AFB6BAB}.Debug|Any CPU.Build.0 = Debug|Any CPU
		{B575810D-52F2-4349-AAE5-B7A49AFB6BAB}.Release|Any CPU.ActiveCfg = Release|Any CPU
		{B575810D-52F2-4349-AAE5-B7A49AFB6BAB}.Release|Any CPU.Build.0 = Release|Any CPU
		{8A0631BB-6586-4AEF-92A7-C31EE4C76342}.Debug|Any CPU.ActiveCfg = Debug|Any CPU
		{8A0631BB-6586-4AEF-92A7-C31EE4C76342}.Debug|Any CPU.Build.0 = Debug|Any CPU
		{8A0631BB-6586-4AEF-92A7-C31EE4C76342}.Release|Any CPU.ActiveCfg = Release|Any CPU
		{8A0631BB-6586-4AEF-92A7-C31EE4C76342}.Release|Any CPU.Build.0 = Release|Any CPU
		{8A6B1BB0-A707-4E27-BBD9-55255F83E5BF}.Debug|Any CPU.ActiveCfg = Debug|Any CPU
		{8A6B1BB0-A707-4E27-BBD9-55255F83E5BF}.Debug|Any CPU.Build.0 = Debug|Any CPU
		{8A6B1BB0-A707-4E27-BBD9-55255F83E5BF}.Release|Any CPU.ActiveCfg = Release|Any CPU
		{8A6B1BB0-A707-4E27-BBD9-55255F83E5BF}.Release|Any CPU.Build.0 = Release|Any CPU
		{08446575-8851-479D-99D9-F0A32C202019}.Debug|Any CPU.ActiveCfg = Debug|Any CPU
		{08446575-8851-479D-99D9-F0A32C202019}.Debug|Any CPU.Build.0 = Debug|Any CPU
		{08446575-8851-479D-99D9-F0A32C202019}.Release|Any CPU.ActiveCfg = Release|Any CPU
		{08446575-8851-479D-99D9-F0A32C202019}.Release|Any CPU.Build.0 = Release|Any CPU
		{1B4C570C-33AE-4BFC-AF9B-C5DD009B8BC4}.Debug|Any CPU.ActiveCfg = Debug|Any CPU
		{1B4C570C-33AE-4BFC-AF9B-C5DD009B8BC4}.Debug|Any CPU.Build.0 = Debug|Any CPU
		{1B4C570C-33AE-4BFC-AF9B-C5DD009B8BC4}.Release|Any CPU.ActiveCfg = Release|Any CPU
		{1B4C570C-33AE-4BFC-AF9B-C5DD009B8BC4}.Release|Any CPU.Build.0 = Release|Any CPU
		{531228CE-9CA7-4210-8A3E-5376C93F17DE}.Debug|Any CPU.ActiveCfg = Debug|Any CPU
		{531228CE-9CA7-4210-8A3E-5376C93F17DE}.Debug|Any CPU.Build.0 = Debug|Any CPU
		{531228CE-9CA7-4210-8A3E-5376C93F17DE}.Release|Any CPU.ActiveCfg = Release|Any CPU
		{531228CE-9CA7-4210-8A3E-5376C93F17DE}.Release|Any CPU.Build.0 = Release|Any CPU
		{AAB19025-DB7A-4C22-BCFC-11D6176F949E}.Debug|Any CPU.ActiveCfg = Debug|Any CPU
		{AAB19025-DB7A-4C22-BCFC-11D6176F949E}.Debug|Any CPU.Build.0 = Debug|Any CPU
		{AAB19025-DB7A-4C22-BCFC-11D6176F949E}.Release|Any CPU.ActiveCfg = Release|Any CPU
		{AAB19025-DB7A-4C22-BCFC-11D6176F949E}.Release|Any CPU.Build.0 = Release|Any CPU
		{36E832D9-40BC-411D-A543-54A08483D0ED}.Debug|Any CPU.ActiveCfg = Debug|Any CPU
		{36E832D9-40BC-411D-A543-54A08483D0ED}.Debug|Any CPU.Build.0 = Debug|Any CPU
		{36E832D9-40BC-411D-A543-54A08483D0ED}.Release|Any CPU.ActiveCfg = Release|Any CPU
		{36E832D9-40BC-411D-A543-54A08483D0ED}.Release|Any CPU.Build.0 = Release|Any CPU
		{CBA77DD7-F60B-4738-9064-AAC7753A6CE7}.Debug|Any CPU.ActiveCfg = Debug|Any CPU
		{CBA77DD7-F60B-4738-9064-AAC7753A6CE7}.Debug|Any CPU.Build.0 = Debug|Any CPU
		{CBA77DD7-F60B-4738-9064-AAC7753A6CE7}.Release|Any CPU.ActiveCfg = Release|Any CPU
		{CBA77DD7-F60B-4738-9064-AAC7753A6CE7}.Release|Any CPU.Build.0 = Release|Any CPU
		{2BF4D938-0859-41ED-82B8-588BD2034F04}.Debug|Any CPU.ActiveCfg = Debug|Any CPU
		{2BF4D938-0859-41ED-82B8-588BD2034F04}.Debug|Any CPU.Build.0 = Debug|Any CPU
		{2BF4D938-0859-41ED-82B8-588BD2034F04}.Release|Any CPU.ActiveCfg = Release|Any CPU
		{2BF4D938-0859-41ED-82B8-588BD2034F04}.Release|Any CPU.Build.0 = Release|Any CPU
		{0212D062-F9BF-42EF-B6E7-06A1F8FAFD1B}.Debug|Any CPU.ActiveCfg = Debug|Any CPU
		{0212D062-F9BF-42EF-B6E7-06A1F8FAFD1B}.Debug|Any CPU.Build.0 = Debug|Any CPU
		{0212D062-F9BF-42EF-B6E7-06A1F8FAFD1B}.Release|Any CPU.ActiveCfg = Release|Any CPU
		{0212D062-F9BF-42EF-B6E7-06A1F8FAFD1B}.Release|Any CPU.Build.0 = Release|Any CPU
		{C57F4DB7-E084-4239-AE4B-2167D825A838}.Debug|Any CPU.ActiveCfg = Debug|Any CPU
		{C57F4DB7-E084-4239-AE4B-2167D825A838}.Debug|Any CPU.Build.0 = Debug|Any CPU
		{C57F4DB7-E084-4239-AE4B-2167D825A838}.Release|Any CPU.ActiveCfg = Release|Any CPU
		{C57F4DB7-E084-4239-AE4B-2167D825A838}.Release|Any CPU.Build.0 = Release|Any CPU
		{ADA933BD-B488-4278-8635-C7B51FEFB55F}.Debug|Any CPU.ActiveCfg = Debug|Any CPU
		{ADA933BD-B488-4278-8635-C7B51FEFB55F}.Debug|Any CPU.Build.0 = Debug|Any CPU
		{ADA933BD-B488-4278-8635-C7B51FEFB55F}.Release|Any CPU.ActiveCfg = Release|Any CPU
		{ADA933BD-B488-4278-8635-C7B51FEFB55F}.Release|Any CPU.Build.0 = Release|Any CPU
		{2A4549C8-FEC5-4E9A-89A5-7A3DDFAE1519}.Debug|Any CPU.ActiveCfg = Debug|Any CPU
		{2A4549C8-FEC5-4E9A-89A5-7A3DDFAE1519}.Debug|Any CPU.Build.0 = Debug|Any CPU
		{2A4549C8-FEC5-4E9A-89A5-7A3DDFAE1519}.Release|Any CPU.ActiveCfg = Release|Any CPU
		{2A4549C8-FEC5-4E9A-89A5-7A3DDFAE1519}.Release|Any CPU.Build.0 = Release|Any CPU
		{AE704270-C89E-46B7-9960-3F259A1EFC56}.Debug|Any CPU.ActiveCfg = Debug|Any CPU
		{AE704270-C89E-46B7-9960-3F259A1EFC56}.Debug|Any CPU.Build.0 = Debug|Any CPU
		{AE704270-C89E-46B7-9960-3F259A1EFC56}.Release|Any CPU.ActiveCfg = Release|Any CPU
		{AE704270-C89E-46B7-9960-3F259A1EFC56}.Release|Any CPU.Build.0 = Release|Any CPU
		{3E56B810-F681-4BDE-8E05-5ED30BDDFE85}.Debug|Any CPU.ActiveCfg = Debug|Any CPU
		{3E56B810-F681-4BDE-8E05-5ED30BDDFE85}.Debug|Any CPU.Build.0 = Debug|Any CPU
		{3E56B810-F681-4BDE-8E05-5ED30BDDFE85}.Release|Any CPU.ActiveCfg = Release|Any CPU
		{3E56B810-F681-4BDE-8E05-5ED30BDDFE85}.Release|Any CPU.Build.0 = Release|Any CPU
		{797EF92D-B1F9-49F3-87C1-7F0887551860}.Debug|Any CPU.ActiveCfg = Debug|Any CPU
		{797EF92D-B1F9-49F3-87C1-7F0887551860}.Debug|Any CPU.Build.0 = Debug|Any CPU
		{797EF92D-B1F9-49F3-87C1-7F0887551860}.Release|Any CPU.ActiveCfg = Release|Any CPU
		{797EF92D-B1F9-49F3-87C1-7F0887551860}.Release|Any CPU.Build.0 = Release|Any CPU
		{B1D40E45-CA90-408C-8421-11946544E024}.Debug|Any CPU.ActiveCfg = Debug|Any CPU
		{B1D40E45-CA90-408C-8421-11946544E024}.Debug|Any CPU.Build.0 = Debug|Any CPU
		{B1D40E45-CA90-408C-8421-11946544E024}.Release|Any CPU.ActiveCfg = Release|Any CPU
		{B1D40E45-CA90-408C-8421-11946544E024}.Release|Any CPU.Build.0 = Release|Any CPU
		{C777DD87-ADA2-4938-A54F-6C16641E6640}.Debug|Any CPU.ActiveCfg = Debug|Any CPU
		{C777DD87-ADA2-4938-A54F-6C16641E6640}.Debug|Any CPU.Build.0 = Debug|Any CPU
		{C777DD87-ADA2-4938-A54F-6C16641E6640}.Release|Any CPU.ActiveCfg = Release|Any CPU
		{C777DD87-ADA2-4938-A54F-6C16641E6640}.Release|Any CPU.Build.0 = Release|Any CPU
		{9F5D59C9-9F99-4354-989E-9CA321179AC4}.Debug|Any CPU.ActiveCfg = Debug|Any CPU
		{9F5D59C9-9F99-4354-989E-9CA321179AC4}.Debug|Any CPU.Build.0 = Debug|Any CPU
		{9F5D59C9-9F99-4354-989E-9CA321179AC4}.Release|Any CPU.ActiveCfg = Release|Any CPU
		{9F5D59C9-9F99-4354-989E-9CA321179AC4}.Release|Any CPU.Build.0 = Release|Any CPU
		{97E114A7-799F-431F-8E14-ACFBFEE91EA9}.Debug|Any CPU.ActiveCfg = Debug|Any CPU
		{97E114A7-799F-431F-8E14-ACFBFEE91EA9}.Debug|Any CPU.Build.0 = Debug|Any CPU
		{97E114A7-799F-431F-8E14-ACFBFEE91EA9}.Release|Any CPU.ActiveCfg = Release|Any CPU
		{97E114A7-799F-431F-8E14-ACFBFEE91EA9}.Release|Any CPU.Build.0 = Release|Any CPU
		{A1617426-9A5C-4E95-803A-F817D3BCF953}.Debug|Any CPU.ActiveCfg = Debug|Any CPU
		{A1617426-9A5C-4E95-803A-F817D3BCF953}.Debug|Any CPU.Build.0 = Debug|Any CPU
		{A1617426-9A5C-4E95-803A-F817D3BCF953}.Release|Any CPU.ActiveCfg = Release|Any CPU
		{A1617426-9A5C-4E95-803A-F817D3BCF953}.Release|Any CPU.Build.0 = Release|Any CPU
		{620C0557-D5C4-45C2-95F3-9B75EDB46324}.Debug|Any CPU.ActiveCfg = Debug|Any CPU
		{620C0557-D5C4-45C2-95F3-9B75EDB46324}.Debug|Any CPU.Build.0 = Debug|Any CPU
		{620C0557-D5C4-45C2-95F3-9B75EDB46324}.Release|Any CPU.ActiveCfg = Release|Any CPU
		{620C0557-D5C4-45C2-95F3-9B75EDB46324}.Release|Any CPU.Build.0 = Release|Any CPU
		{8C6D4F34-E630-4C1F-ACCA-732F1996383B}.Debug|Any CPU.ActiveCfg = Debug|Any CPU
		{8C6D4F34-E630-4C1F-ACCA-732F1996383B}.Debug|Any CPU.Build.0 = Debug|Any CPU
		{8C6D4F34-E630-4C1F-ACCA-732F1996383B}.Release|Any CPU.ActiveCfg = Release|Any CPU
		{8C6D4F34-E630-4C1F-ACCA-732F1996383B}.Release|Any CPU.Build.0 = Release|Any CPU
		{68B41ADB-378F-4155-9870-525778AB239F}.Debug|Any CPU.ActiveCfg = Debug|Any CPU
		{68B41ADB-378F-4155-9870-525778AB239F}.Debug|Any CPU.Build.0 = Debug|Any CPU
		{68B41ADB-378F-4155-9870-525778AB239F}.Release|Any CPU.ActiveCfg = Release|Any CPU
		{68B41ADB-378F-4155-9870-525778AB239F}.Release|Any CPU.Build.0 = Release|Any CPU
		{916242F2-BEAC-4FDC-A781-C80149ECC725}.Debug|Any CPU.ActiveCfg = Debug|Any CPU
		{916242F2-BEAC-4FDC-A781-C80149ECC725}.Debug|Any CPU.Build.0 = Debug|Any CPU
		{916242F2-BEAC-4FDC-A781-C80149ECC725}.Release|Any CPU.ActiveCfg = Release|Any CPU
		{916242F2-BEAC-4FDC-A781-C80149ECC725}.Release|Any CPU.Build.0 = Release|Any CPU
		{EB1E5FA6-3EB9-48C5-8ADD-4C28BFE76786}.Debug|Any CPU.ActiveCfg = Debug|Any CPU
		{EB1E5FA6-3EB9-48C5-8ADD-4C28BFE76786}.Debug|Any CPU.Build.0 = Debug|Any CPU
		{EB1E5FA6-3EB9-48C5-8ADD-4C28BFE76786}.Release|Any CPU.ActiveCfg = Release|Any CPU
		{EB1E5FA6-3EB9-48C5-8ADD-4C28BFE76786}.Release|Any CPU.Build.0 = Release|Any CPU
		{661AC3D8-5A51-41CE-94FD-BD9090EA137C}.Debug|Any CPU.ActiveCfg = Debug|Any CPU
		{661AC3D8-5A51-41CE-94FD-BD9090EA137C}.Debug|Any CPU.Build.0 = Debug|Any CPU
		{661AC3D8-5A51-41CE-94FD-BD9090EA137C}.Release|Any CPU.ActiveCfg = Release|Any CPU
		{661AC3D8-5A51-41CE-94FD-BD9090EA137C}.Release|Any CPU.Build.0 = Release|Any CPU
	EndGlobalSection
	GlobalSection(SolutionProperties) = preSolution
		HideSolutionNode = FALSE
	EndGlobalSection
	GlobalSection(NestedProjects) = preSolution
		{72C6DE6F-A6C4-4978-83F3-D9E163ED00A1} = {A3B062BD-8200-4202-B0A1-E64C498BAC06}
		{4E962C37-28E1-4363-8C35-DDAA0D3DBA83} = {A3B062BD-8200-4202-B0A1-E64C498BAC06}
		{8B6A3AE4-5374-4A2B-A558-6D14745E1100} = {A3B062BD-8200-4202-B0A1-E64C498BAC06}
		{73FE2564-3DBF-416A-BE3A-B8AAEAAC8EFA} = {A3B062BD-8200-4202-B0A1-E64C498BAC06}
		{567DB7C5-F1D3-4F5E-95B9-A2C0F5A5A958} = {A3B062BD-8200-4202-B0A1-E64C498BAC06}
		{2B65FEC9-896E-4E34-8117-EE03A3AB60F6} = {A3B062BD-8200-4202-B0A1-E64C498BAC06}
		{FBB07520-4AEE-4966-9137-E750519B425E} = {A3B062BD-8200-4202-B0A1-E64C498BAC06}
		{E9B663E4-A16A-46EA-AF3A-605B2F19D52D} = {A3B062BD-8200-4202-B0A1-E64C498BAC06}
		{9D48A402-AA5F-43CB-BAD1-3229E9ACC84D} = {A3B062BD-8200-4202-B0A1-E64C498BAC06}
		{48E2AA84-69CC-4388-9F7A-6D26C10C3C33} = {A3B062BD-8200-4202-B0A1-E64C498BAC06}
		{B575810D-52F2-4349-AAE5-B7A49AFB6BAB} = {A3B062BD-8200-4202-B0A1-E64C498BAC06}
		{8A0631BB-6586-4AEF-92A7-C31EE4C76342} = {A3B062BD-8200-4202-B0A1-E64C498BAC06}
		{8A6B1BB0-A707-4E27-BBD9-55255F83E5BF} = {A3B062BD-8200-4202-B0A1-E64C498BAC06}
		{08446575-8851-479D-99D9-F0A32C202019} = {A3B062BD-8200-4202-B0A1-E64C498BAC06}
		{1B4C570C-33AE-4BFC-AF9B-C5DD009B8BC4} = {A3B062BD-8200-4202-B0A1-E64C498BAC06}
		{531228CE-9CA7-4210-8A3E-5376C93F17DE} = {A3B062BD-8200-4202-B0A1-E64C498BAC06}
		{AAB19025-DB7A-4C22-BCFC-11D6176F949E} = {A3B062BD-8200-4202-B0A1-E64C498BAC06}
		{36E832D9-40BC-411D-A543-54A08483D0ED} = {A3B062BD-8200-4202-B0A1-E64C498BAC06}
		{CBA77DD7-F60B-4738-9064-AAC7753A6CE7} = {A3B062BD-8200-4202-B0A1-E64C498BAC06}
		{2BF4D938-0859-41ED-82B8-588BD2034F04} = {8A206E01-E999-4D79-840E-43CABC57C50E}
		{0212D062-F9BF-42EF-B6E7-06A1F8FAFD1B} = {8A206E01-E999-4D79-840E-43CABC57C50E}
		{C57F4DB7-E084-4239-AE4B-2167D825A838} = {8A206E01-E999-4D79-840E-43CABC57C50E}
		{ADA933BD-B488-4278-8635-C7B51FEFB55F} = {8A206E01-E999-4D79-840E-43CABC57C50E}
		{2A4549C8-FEC5-4E9A-89A5-7A3DDFAE1519} = {8A206E01-E999-4D79-840E-43CABC57C50E}
		{AE704270-C89E-46B7-9960-3F259A1EFC56} = {8A206E01-E999-4D79-840E-43CABC57C50E}
		{3E56B810-F681-4BDE-8E05-5ED30BDDFE85} = {8A206E01-E999-4D79-840E-43CABC57C50E}
		{797EF92D-B1F9-49F3-87C1-7F0887551860} = {8A206E01-E999-4D79-840E-43CABC57C50E}
		{B1D40E45-CA90-408C-8421-11946544E024} = {8A206E01-E999-4D79-840E-43CABC57C50E}
		{C777DD87-ADA2-4938-A54F-6C16641E6640} = {8A206E01-E999-4D79-840E-43CABC57C50E}
		{9F5D59C9-9F99-4354-989E-9CA321179AC4} = {8A206E01-E999-4D79-840E-43CABC57C50E}
		{97E114A7-799F-431F-8E14-ACFBFEE91EA9} = {8A206E01-E999-4D79-840E-43CABC57C50E}
		{A1617426-9A5C-4E95-803A-F817D3BCF953} = {8A206E01-E999-4D79-840E-43CABC57C50E}
		{620C0557-D5C4-45C2-95F3-9B75EDB46324} = {8A206E01-E999-4D79-840E-43CABC57C50E}
		{8C6D4F34-E630-4C1F-ACCA-732F1996383B} = {8A206E01-E999-4D79-840E-43CABC57C50E}
		{68B41ADB-378F-4155-9870-525778AB239F} = {8A206E01-E999-4D79-840E-43CABC57C50E}
		{916242F2-BEAC-4FDC-A781-C80149ECC725} = {8A206E01-E999-4D79-840E-43CABC57C50E}
		{EB1E5FA6-3EB9-48C5-8ADD-4C28BFE76786} = {8A206E01-E999-4D79-840E-43CABC57C50E}
		{661AC3D8-5A51-41CE-94FD-BD9090EA137C} = {8A206E01-E999-4D79-840E-43CABC57C50E}
	EndGlobalSection
	GlobalSection(ExtensibilityGlobals) = postSolution
		SolutionGuid = {16A995B3-E16E-4497-B818-145F5553B523}
	EndGlobalSection
EndGlobal
